{
  "name": "ts-top-level-jsdoc",
  "version": "1.0.0",
  "lockfileVersion": 1,
  "requires": true,
  "dependencies": {
    "typescript": {
      "version": "3.7.0-dev.20191014",
      "resolved": "https://registry.npmjs.org/typescript/-/typescript-3.7.0-dev.20191014.tgz",
      "integrity": "sha512-kaG+8Os48sMYj57/UvwkoADjvLgvDLWEwOj3HVJ3AhQykMJ7CKpBzaXwuNwfmO4Q3KSdcinGXLt9RIXLdhfyXw==",
      "dev": true
    }
  }
}
